
Microsoft Visual Studio Solution File, Format Version 12.00
# Visual Studio 15
VisualStudioVersion = 15.0.26730.16
MinimumVisualStudioVersion = 10.0.40219.1
Project("{FAE04EC0-301F-11D3-BF4B-00C04F79EFBC}") = "BL", "BL\BL.csproj", "{B4C3E71A-8A9F-49C2-8FCF-CE4BF7A10751}"
EndProject
Project("{FAE04EC0-301F-11D3-BF4B-00C04F79EFBC}") = "DAL", "DAL\DAL.csproj", "{05A4E00D-FF0C-4886-A332-48DFA47D442F}"
EndProject
Project("{FAE04EC0-301F-11D3-BF4B-00C04F79EFBC}") = "Domain", "Domain\Domain.csproj", "{D5D82B4F-76FC-4E3A-BE14-59AD5798B719}"
EndProject
Project("{FAE04EC0-301F-11D3-BF4B-00C04F79EFBC}") = "MVC", "MVC\MVC.csproj", "{26088F10-F64B-4568-98CC-9B8C51AA00EF}"
EndProject
Project("{2150E333-8FDC-42A3-9474-1A3956D46DE8}") = "Solution Items", "Solution Items", "{E749BA96-BE99-46FC-9B84-3CD65B4C03BA}"
	ProjectSection(SolutionItems) = preProject
		Grant.sql = Grant.sql
	EndProjectSection
EndProject
Global
	GlobalSection(SolutionConfigurationPlatforms) = preSolution
		Debug|Any CPU = Debug|Any CPU
		Release|Any CPU = Release|Any CPU
	EndGlobalSection
	GlobalSection(ProjectConfigurationPlatforms) = postSolution
		{B4C3E71A-8A9F-49C2-8FCF-CE4BF7A10751}.Debug|Any CPU.ActiveCfg = Debug|Any CPU
		{B4C3E71A-8A9F-49C2-8FCF-CE4BF7A10751}.Debug|Any CPU.Build.0 = Debug|Any CPU
		{B4C3E71A-8A9F-49C2-8FCF-CE4BF7A10751}.Release|Any CPU.ActiveCfg = Release|Any CPU
		{B4C3E71A-8A9F-49C2-8FCF-CE4BF7A10751}.Release|Any CPU.Build.0 = Release|Any CPU
		{05A4E00D-FF0C-4886-A332-48DFA47D442F}.Debug|Any CPU.ActiveCfg = Debug|Any CPU
		{05A4E00D-FF0C-4886-A332-48DFA47D442F}.Debug|Any CPU.Build.0 = Debug|Any CPU
		{05A4E00D-FF0C-4886-A332-48DFA47D442F}.Release|Any CPU.ActiveCfg = Release|Any CPU
		{05A4E00D-FF0C-4886-A332-48DFA47D442F}.Release|Any CPU.Build.0 = Release|Any CPU
		{D5D82B4F-76FC-4E3A-BE14-59AD5798B719}.Debug|Any CPU.ActiveCfg = Debug|Any CPU
		{D5D82B4F-76FC-4E3A-BE14-59AD5798B719}.Debug|Any CPU.Build.0 = Debug|Any CPU
		{D5D82B4F-76FC-4E3A-BE14-59AD5798B719}.Release|Any CPU.ActiveCfg = Release|Any CPU
		{D5D82B4F-76FC-4E3A-BE14-59AD5798B719}.Release|Any CPU.Build.0 = Release|Any CPU
		{26088F10-F64B-4568-98CC-9B8C51AA00EF}.Debug|Any CPU.ActiveCfg = Debug|Any CPU
		{26088F10-F64B-4568-98CC-9B8C51AA00EF}.Debug|Any CPU.Build.0 = Debug|Any CPU
		{26088F10-F64B-4568-98CC-9B8C51AA00EF}.Release|Any CPU.ActiveCfg = Release|Any CPU
		{26088F10-F64B-4568-98CC-9B8C51AA00EF}.Release|Any CPU.Build.0 = Release|Any CPU
	EndGlobalSection
	GlobalSection(SolutionProperties) = preSolution
		HideSolutionNode = FALSE
	EndGlobalSection
	GlobalSection(ExtensibilityGlobals) = postSolution
		SolutionGuid = {FE8EBEC8-32D1-402A-8B4B-24C5777068E4}
	EndGlobalSection
EndGlobal
